
Microsoft Visual Studio Solution File, Format Version 12.00
# Visual Studio 15
VisualStudioVersion = 15.0.28010.2041
MinimumVisualStudioVersion = 10.0.40219.1
Project("{FAE04EC0-301F-11D3-BF4B-00C04F79EFBC}") = "CalcDemo", "CalcDemo\CalcDemo.csproj", "{B74F8067-853E-439C-9D0C-358D0CF731F7}"
EndProject
Global
	GlobalSection(SolutionConfigurationPlatforms) = preSolution
		Debug|Any CPU = Debug|Any CPU
		Release|Any CPU = Release|Any CPU
	EndGlobalSection
	GlobalSection(ProjectConfigurationPlatforms) = postSolution
		{B74F8067-853E-439C-9D0C-358D0CF731F7}.Debug|Any CPU.ActiveCfg = Debug|Any CPU
		{B74F8067-853E-439C-9D0C-358D0CF731F7}.Debug|Any CPU.Build.0 = Debug|Any CPU
		{B74F8067-853E-439C-9D0C-358D0CF731F7}.Release|Any CPU.ActiveCfg = Release|Any CPU
		{B74F8067-853E-439C-9D0C-358D0CF731F7}.Release|Any CPU.Build.0 = Release|Any CPU
	EndGlobalSection
	GlobalSection(SolutionProperties) = preSolution
		HideSolutionNode = FALSE
	EndGlobalSection
	GlobalSection(ExtensibilityGlobals) = postSolution
		SolutionGuid = {C2ADBCA0-68C7-4964-8941-2FF4F6E22476}
	EndGlobalSection
EndGlobal
